Microsoft Visual Studio Solution File, Format Version 12.00
# Visual Studio Version 17
VisualStudioVersion = 17.5.2.0
MinimumVisualStudioVersion = 10.0.40219.1
Project("{FAE04EC0-301F-11D3-BF4B-00C04F79EFBC}") = "PiGadget", "PiGadget.csproj", "{DA48BDB8-0F27-4A42-3FAB-053121469687}"
EndProject
Global
	GlobalSection(SolutionConfigurationPlatforms) = preSolution
		Debug|Any CPU = Debug|Any CPU
		Release|Any CPU = Release|Any CPU
	EndGlobalSection
	GlobalSection(ProjectConfigurationPlatforms) = postSolution
		{DA48BDB8-0F27-4A42-3FAB-053121469687}.Debug|Any CPU.ActiveCfg = Debug|Any CPU
		{DA48BDB8-0F27-4A42-3FAB-053121469687}.Debug|Any CPU.Build.0 = Debug|Any CPU
		{DA48BDB8-0F27-4A42-3FAB-053121469687}.Release|Any CPU.ActiveCfg = Release|Any CPU
		{DA48BDB8-0F27-4A42-3FAB-053121469687}.Release|Any CPU.Build.0 = Release|Any CPU
	EndGlobalSection
	GlobalSection(SolutionProperties) = preSolution
		HideSolutionNode = FALSE
	EndGlobalSection
	GlobalSection(ExtensibilityGlobals) = postSolution
		SolutionGuid = {D57BB373-83EA-4B9C-8523-81D82C266406}
	EndGlobalSection
EndGlobal
